// !$*UTF8*$!
{
	archiveVersion = 1;
	classes = {
	};
	objectVersion = 46;
	objects = {

/* Begin PBXBuildFile section */
		FD06C5581A699C1000E58990 /* AppDelegate.swift in Sources */ = {isa = PBXBuildFile; fileRef = FD06C5571A699C1000E58990 /* AppDelegate.swift */; };
		FD06C55A1A699C1000E58990 /* ViewController.swift in Sources */ = {isa = PBXBuildFile; fileRef = FD06C5591A699C1000E58990 /* ViewController.swift */; };
		FD06C55D1A699C1000E58990 /* Main.storyboard in Resources */ = {isa = PBXBuildFile; fileRef = FD06C55B1A699C1000E58990 /* Main.storyboard */; };
		FD06C55F1A699C1000E58990 /* Images.xcassets in Resources */ = {isa = PBXBuildFile; fileRef = FD06C55E1A699C1000E58990 /* Images.xcassets */; };
		FD06C5621A699C1000E58990 /* LaunchScreen.xib in Resources */ = {isa = PBXBuildFile; fileRef = FD06C5601A699C1000E58990 /* LaunchScreen.xib */; };
		FD06C56E1A699C1100E58990 /* tipsTests.swift in Sources */ = {isa = PBXBuildFile; fileRef = FD06C56D1A699C1100E58990 /* tipsTests.swift */; };
/* End PBXBuildFile section */

/* Begin PBXContainerItemProxy section */
		FD06C5681A699C1100E58990 /* PBXContainerItemProxy */ = {
			isa = PBXContainerItemProxy;
			containerPortal = FD06C54A1A699C1000E58990 /* Project object */;
			proxyType = 1;
			remoteGlobalIDString = FD06C5511A699C1000E58990;
			remoteInfo = tips;
		};
/* End PBXContainerItemProxy section */

/* Begin PBXFileReference section */
		FD06C5521A699C1000E58990 /* tips.app */ = {isa = PBXFileReference; explicitFileType = wrapper.application; includeInIndex = 0; path = tips.app; sourceTree = BUILT_PRODUCTS_DIR; };
		FD06C5561A699C1000E58990 /* Info.plist */ = {isa = PBXFileReference; lastKnownFileType = text.plist.xml; path = Info.plist; sourceTree = "<group>"; };
		FD06C5571A699C1000E58990 /* AppDelegate.swift */ = {isa = PBXFileReference; lastKnownFileType = sourcecode.swift; path = AppDelegate.swift; sourceTree = "<group>"; };
		FD06C5591A699C1000E58990 /* ViewController.swift */ = {isa = PBXFileReference; lastKnownFileType = sourcecode.swift; path = ViewController.swift; sourceTree = "<group>"; };
		FD06C55C1A699C1000E58990 /* Base */ = {isa = PBXFileReference; lastKnownFileType = file.storyboard; name = Base; path = Base.lproj/Main.storyboard; sourceTree = "<group>"; };
		FD06C55E1A699C1000E58990 /* Images.xcassets */ = {isa = PBXFileReference; lastKnownFileType = folder.assetcatalog; path = Images.xcassets; sourceTree = "<group>"; };
		FD06C5611A699C1000E58990 /* Base */ = {isa = PBXFileReference; lastKnownFileType = file.xib; name = Base; path = Base.lproj/LaunchScreen.xib; sourceTree = "<group>"; };
		FD06C5671A699C1100E58990 /* tipsTests.xctest */ = {isa = PBXFileReference; explicitFileType = wrapper.cfbundle; includeInIndex = 0; path = tipsTests.xctest; sourceTree = BUILT_PRODUCTS_DIR; };
		FD06C56C1A699C1100E58990 /* Info.plist */ = {isa = PBXFileReference; lastKnownFileType = text.plist.xml; path = Info.plist; sourceTree = "<group>"; };
		FD06C56D1A699C1100E58990 /* tipsTests.swift */ = {isa = PBXFileReference; lastKnownFileType = sourcecode.swift; path = tipsTests.swift; sourceTree = "<group>"; };
/* End PBXFileReference section */

/* Begin PBXFrameworksBuildPhase section */
		FD06C54F1A699C1000E58990 /* Frameworks */ = {
			isa = PBXFrameworksBuildPhase;
			buildActionMask = 2147483647;
			files = (
			);
			runOnlyForDeploymentPostprocessing = 0;
		};
		FD06C5641A699C1100E58990 /* Frameworks */ = {
			isa = PBXFrameworksBuildPhase;
			buildActionMask = 2147483647;
			files = (
			);
			runOnlyForDeploymentPostprocessing = 0;
		};
/* End PBXFrameworksBuildPhase section */

/* Begin PBXGroup section */
		FD06C5491A699C1000E58990 = {
			isa = PBXGroup;
			children = (
				FD06C5541A699C1000E58990 /* tips */,
				FD06C56A1A699C1100E58990 /* tipsTests */,
				FD06C5531A699C1000E58990 /* Products */,
			);
			sourceTree = "<group>";
		};
		FD06C5531A699C1000E58990 /* Products */ = {
			isa = PBXGroup;
			children = (
				FD06C5521A699C1000E58990 /* tips.app */,
				FD06C5671A699C1100E58990 /* tipsTests.xctest */,
			);
			name = Products;
			sourceTree = "<group>";
		};
		FD06C5541A699C1000E58990 /* tips */ = {
			isa = PBXGroup;
			children = (
				FD06C5571A699C1000E58990 /* AppDelegate.swift */,
				FD06C5591A699C1000E58990 /* ViewController.swift */,
				FD06C55B1A699C1000E58990 /* Main.storyboard */,
				FD06C55E1A699C1000E58990 /* Images.xcassets */,
				FD06C5601A699C1000E58990 /* LaunchScreen.xib */,
				FD06C5551A699C1000E58990 /* Supporting Files */,
			);
			path = tips;
			sourceTree = "<group>";
		};
		FD06C5551A699C1000E58990 /* Supporting Files */ = {
			isa = PBXGroup;
			children = (
				FD06C5561A699C1000E58990 /* Info.plist */,
			);
			name = "Supporting Files";
			sourceTree = "<group>";
		};
		FD06C56A1A699C1100E58990 /* tipsTests */ = {
			isa = PBXGroup;
			children = (
				FD06C56D1A699C1100E58990 /* tipsTests.swift */,
				FD06C56B1A699C1100E58990 /* Supporting Files */,
			);
			path = tipsTests;
			sourceTree = "<group>";
		};
		FD06C56B1A699C1100E58990 /* Supporting Files */ = {
			isa = PBXGroup;
			children = (
				FD06C56C1A699C1100E58990 /* Info.plist */,
			);
			name = "Supporting Files";
			sourceTree = "<group>";
		};
/* End PBXGroup section */

/* Begin PBXNativeTarget section */
		FD06C5511A699C1000E58990 /* tips */ = {
			isa = PBXNativeTarget;
			buildConfigurationList = FD06C5711A699C1100E58990 /* Build configuration list for PBXNativeTarget "tips" */;
			buildPhases = (
				FD06C54E1A699C1000E58990 /* Sources */,
				FD06C54F1A699C1000E58990 /* Frameworks */,
				FD06C5501A699C1000E58990 /* Resources */,
			);
			buildRules = (
			);
			dependencies = (
			);
			name = tips;
			productName = tips;
			productReference = FD06C5521A699C1000E58990 /* tips.app */;
			productType = "com.apple.product-type.application";
		};
		FD06C5661A699C1100E58990 /* tipsTests */ = {
			isa = PBXNativeTarget;
			buildConfigurationList = FD06C5741A699C1100E58990 /* Build configuration list for PBXNativeTarget "tipsTests" */;
			buildPhases = (
				FD06C5631A699C1100E58990 /* Sources */,
				FD06C5641A699C1100E58990 /* Frameworks */,
				FD06C5651A699C1100E58990 /* Resources */,
			);
			buildRules = (
			);
			dependencies = (
				FD06C5691A699C1100E58990 /* PBXTargetDependency */,
			);
			name = tipsTests;
			productName = tipsTests;
			productReference = FD06C5671A699C1100E58990 /* tipsTests.xctest */;
			productType = "com.apple.product-type.bundle.unit-test";
		};
/* End PBXNativeTarget section */

/* Begin PBXProject section */
		FD06C54A1A699C1000E58990 /* Project object */ = {
			isa = PBXProject;
			attributes = {
				LastUpgradeCheck = 0610;
				ORGANIZATIONNAME = megaserg;
				TargetAttributes = {
					FD06C5511A699C1000E58990 = {
						CreatedOnToolsVersion = 6.1.1;
					};
					FD06C5661A699C1100E58990 = {
						CreatedOnToolsVersion = 6.1.1;
						TestTargetID = FD06C5511A699C1000E58990;
					};
				};
			};
			buildConfigurationList = FD06C54D1A699C1000E58990 /* Build configuration list for PBXProject "tips" */;
			compatibilityVersion = "Xcode 3.2";
			developmentRegion = English;
			hasScannedForEncodings = 0;
			knownRegions = (
				en,
				Base,
			);
			mainGroup = FD06C5491A699C1000E58990;
			productRefGroup = FD06C5531A699C1000E58990 /* Products */;
			projectDirPath = "";
			projectRoot = "";
			targets = (
				FD06C5511A699C1000E58990 /* tips */,
				FD06C5661A699C1100E58990 /* tipsTests */,
			);
		};
/* End PBXProject section */

/* Begin PBXResourcesBuildPhase section */
		FD06C5501A699C1000E58990 /* Resources */ = {
			isa = PBXResourcesBuildPhase;
			buildActionMask = 2147483647;
			files = (
				FD06C55D1A699C1000E58990 /* Main.storyboard in Resources */,
				FD06C5621A699C1000E58990 /* LaunchScreen.xib in Resources */,
				FD06C55F1A699C1000E58990 /* Images.xcassets in Resources */,
			);
			runOnlyForDeploymentPostprocessing = 0;
		};
		FD06C5651A699C1100E58990 /* Resources */ = {
			isa = PBXResourcesBuildPhase;
			buildActionMask = 2147483647;
			files = (
			);
			runOnlyForDeploymentPostprocessing = 0;
		};
/* End PBXResourcesBuildPhase section */

/* Begin PBXSourcesBuildPhase section */
		FD06C54E1A699C1000E58990 /* Sources */ = {
			isa = PBXSourcesBuildPhase;
			buildActionMask = 2147483647;
			files = (
				FD06C55A1A699C1000E58990 /* ViewController.swift in Sources */,
				FD06C5581A699C1000E58990 /* AppDelegate.swift in Sources */,
			);
			runOnlyForDeploymentPostprocessing = 0;
		};
		FD06C5631A699C1100E58990 /* Sources */ = {
			isa = PBXSourcesBuildPhase;
			buildActionMask = 2147483647;
			files = (
				FD06C56E1A699C1100E58990 /* tipsTests.swift in Sources */,
			);
			runOnlyForDeploymentPostprocessing = 0;
		};
/* End PBXSourcesBuildPhase section */

/* Begin PBXTargetDependency section */
		FD06C5691A699C1100E58990 /* PBXTargetDependency */ = {
			isa = PBXTargetDependency;
			target = FD06C5511A699C1000E58990 /* tips */;
			targetProxy = FD06C5681A699C1100E58990 /* PBXContainerItemProxy */;
		};
/* End PBXTargetDependency section */

/* Begin PBXVariantGroup section */
		FD06C55B1A699C1000E58990 /* Main.storyboard */ = {
			isa = PBXVariantGroup;
			children = (
				FD06C55C1A699C1000E58990 /* Base */,
			);
			name = Main.storyboard;
			sourceTree = "<group>";
		};
		FD06C5601A699C1000E58990 /* LaunchScreen.xib */ = {
			isa = PBXVariantGroup;
			children = (
				FD06C5611A699C1000E58990 /* Base */,
			);
			name = LaunchScreen.xib;
			sourceTree = "<group>";
		};
/* End PBXVariantGroup section */

/* Begin XCBuildConfiguration section */
		FD06C56F1A699C1100E58990 /* Debug */ = {
			isa = XCBuildConfiguration;
			buildSettings = {
				ALWAYS_SEARCH_USER_PATHS = NO;
				CLANG_CXX_LANGUAGE_STANDARD = "gnu++0x";
				CLANG_CXX_LIBRARY = "libc++";
				CLANG_ENABLE_MODULES = YES;
				CLANG_ENABLE_OBJC_ARC = YES;
				CLANG_WARN_BOOL_CONVERSION = YES;
				CLANG_WARN_CONSTANT_CONVERSION = YES;
				CLANG_WARN_DIRECT_OBJC_ISA_USAGE = YES_ERROR;
				CLANG_WARN_EMPTY_BODY = YES;
				CLANG_WARN_ENUM_CONVERSION = YES;
				CLANG_WARN_INT_CONVERSION = YES;
				CLANG_WARN_OBJC_ROOT_CLASS = YES_ERROR;
				CLANG_WARN_UNREACHABLE_CODE = YES;
				CLANG_WARN__DUPLICATE_METHOD_MATCH = YES;
				"CODE_SIGN_IDENTITY[sdk=iphoneos*]" = "iPhone Developer";
				COPY_PHASE_STRIP = NO;
				ENABLE_STRICT_OBJC_MSGSEND = YES;
				GCC_C_LANGUAGE_STANDARD = gnu99;
				GCC_DYNAMIC_NO_PIC = NO;
				GCC_OPTIMIZATION_LEVEL = 0;
				GCC_PREPROCESSOR_DEFINITIONS = (
					"DEBUG=1",
					"$(inherited)",
				);
				GCC_SYMBOLS_PRIVATE_EXTERN = NO;
				GCC_WARN_64_TO_32_BIT_CONVERSION = YES;
				GCC_WARN_ABOUT_RETURN_TYPE = YES_ERROR;
				GCC_WARN_UNDECLARED_SELECTOR = YES;
				GCC_WARN_UNINITIALIZED_AUTOS = YES_AGGRESSIVE;
				GCC_WARN_UNUSED_FUNCTION = YES;
				GCC_WARN_UNUSED_VARIABLE = YES;
				IPHONEOS_DEPLOYMENT_TARGET = 8.1;
				MTL_ENABLE_DEBUG_INFO = YES;
				ONLY_ACTIVE_ARCH = YES;
				SDKROOT = iphoneos;
				SWIFT_OPTIMIZATION_LEVEL = "-Onone";
			};
			name = Debug;
		};
		FD06C5701A699C1100E58990 /* Release */ = {
			isa = XCBuildConfiguration;
			buildSettings = {
				ALWAYS_SEARCH_USER_PATHS = NO;
				CLANG_CXX_LANGUAGE_STANDARD = "gnu++0x";
				CLANG_CXX_LIBRARY = "libc++";
				CLANG_ENABLE_MODULES = YES;
				CLANG_ENABLE_OBJC_ARC = YES;
				CLANG_WARN_BOOL_CONVERSION = YES;
				CLANG_WARN_CONSTANT_CONVERSION = YES;
				CLANG_WARN_DIRECT_OBJC_ISA_USAGE = YES_ERROR;
				CLANG_WARN_EMPTY_BODY = YES;
				CLANG_WARN_ENUM_CONVERSION = YES;
				CLANG_WARN_INT_CONVERSION = YES;
				CLANG_WARN_OBJC_ROOT_CLASS = YES_ERROR;
				CLANG_WARN_UNREACHABLE_CODE = YES;
				CLANG_WARN__DUPLICATE_METHOD_MATCH = YES;
				"CODE_SIGN_IDENTITY[sdk=iphoneos*]" = "iPhone Developer";
				COPY_PHASE_STRIP = YES;
				ENABLE_NS_ASSERTIONS = NO;
				ENABLE_STRICT_OBJC_MSGSEND = YES;
				GCC_C_LANGUAGE_STANDARD = gnu99;
				GCC_WARN_64_TO_32_BIT_CONVERSION = YES;
				GCC_WARN_ABOUT_RETURN_TYPE = YES_ERROR;
				GCC_WARN_UNDECLARED_SELECTOR = YES;
				GCC_WARN_UNINITIALIZED_AUTOS = YES_AGGRESSIVE;
				GCC_WARN_UNUSED_FUNCTION = YES;
				GCC_WARN_UNUSED_VARIABLE = YES;
				IPHONEOS_DEPLOYMENT_TARGET = 8.1;
				MTL_ENABLE_DEBUG_INFO = NO;
				SDKROOT = iphoneos;
				VALIDATE_PRODUCT = YES;
			};
			name = Release;
		};
		FD06C5721A699C1100E58990 /* Debug */ = {
			isa = XCBuildConfiguration;
			buildSettings = {
				ASSETCATALOG_COMPILER_APPICON_NAME = AppIcon;
				INFOPLIST_FILE = tips/Info.plist;
				IPHONEOS_DEPLOYMENT_TARGET = 7.0;
				LD_RUNPATH_SEARCH_PATHS = "$(inherited) @executable_path/Frameworks";
				PRODUCT_NAME = "$(TARGET_NAME)";
			};
			name = Debug;
		};
		FD06C5731A699C1100E58990 /* Release */ = {
			isa = XCBuildConfiguration;
			buildSettings = {
				ASSETCATALOG_COMPILER_APPICON_NAME = AppIcon;
				INFOPLIST_FILE = tips/Info.plist;
				IPHONEOS_DEPLOYMENT_TARGET = 7.0;
				LD_RUNPATH_SEARCH_PATHS = "$(inherited) @executable_path/Frameworks";
				PRODUCT_NAME = "$(TARGET_NAME)";
			};
			name = Release;
		};
		FD06C5751A699C1100E58990 /* Debug */ = {
			isa = XCBuildConfiguration;
			buildSettings = {
				BUNDLE_LOADER = "$(TEST_HOST)";
				FRAMEWORK_SEARCH_PATHS = (
					"$(SDKROOT)/Developer/Library/Frameworks",
					"$(inherited)",
				);
				GCC_PREPROCESSOR_DEFINITIONS = (
					"DEBUG=1",
					"$(inherited)",
				);
				INFOPLIST_FILE = tipsTests/Info.plist;
				LD_RUNPATH_SEARCH_PATHS = "$(inherited) @executable_path/Frameworks @loader_path/Frameworks";
				PRODUCT_NAME = "$(TARGET_NAME)";
				TEST_HOST = "$(BUILT_PRODUCTS_DIR)/tips.app/tips";
			};
			name = Debug;
		};
		FD06C5761A699C1100E58990 /* Release */ = {
			isa = XCBuildConfiguration;
			buildSettings = {
				BUNDLE_LOADER = "$(TEST_HOST)";
				FRAMEWORK_SEARCH_PATHS = (
					"$(SDKROOT)/Developer/Library/Frameworks",
					"$(inherited)",
				);
				INFOPLIST_FILE = tipsTests/Info.plist;
				LD_RUNPATH_SEARCH_PATHS = "$(inherited) @executable_path/Frameworks @loader_path/Frameworks";
				PRODUCT_NAME = "$(TARGET_NAME)";
				TEST_HOST = "$(BUILT_PRODUCTS_DIR)/tips.app/tips";
			};
			name = Release;
		};
/* End XCBuildConfiguration section */

/* Begin XCConfigurationList section */
		FD06C54D1A699C1000E58990 /* Build configuration list for PBXProject "tips" */ = {
			isa = XCConfigurationList;
			buildConfigurations = (
				FD06C56F1A699C1100E58990 /* Debug */,
				FD06C5701A699C1100E58990 /* Release */,
			);
			defaultConfigurationIsVisible = 0;
			defaultConfigurationName = Release;
		};
		FD06C5711A699C1100E58990 /* Build configuration list for PBXNativeTarget "tips" */ = {
			isa = XCConfigurationList;
			buildConfigurations = (
				FD06C5721A699C1100E58990 /* Debug */,
				FD06C5731A699C1100E58990 /* Release */,
			);
			defaultConfigurationIsVisible = 0;
		};
		FD06C5741A699C1100E58990 /* Build configuration list for PBXNativeTarget "tipsTests" */ = {
			isa = XCConfigurationList;
			buildConfigurations = (
				FD06C5751A699C1100E58990 /* Debug */,
				FD06C5761A699C1100E58990 /* Release */,
			);
			defaultConfigurationIsVisible = 0;
		};
/* End XCConfigurationList section */
	};
	rootObject = FD06C54A1A699C1000E58990 /* Project object */;
}
